
Microsoft Visual Studio Solution File, Format Version 12.00
# Visual Studio Version 17
VisualStudioVersion = 17.5.33530.505
MinimumVisualStudioVersion = 10.0.40219.1
Project("{FAE04EC0-301F-11D3-BF4B-00C04F79EFBC}") = "LibrarySystem", "LibrarySystem.csproj", "{A6BF825B-5021-4C35-800E-2CB0C907D1AB}"
EndProject
Global
	GlobalSection(SolutionConfigurationPlatforms) = preSolution
		Debug|Any CPU = Debug|Any CPU
		Release|Any CPU = Release|Any CPU
	EndGlobalSection
	GlobalSection(ProjectConfigurationPlatforms) = postSolution
		{A6BF825B-5021-4C35-800E-2CB0C907D1AB}.Debug|Any CPU.ActiveCfg = Debug|Any CPU
		{A6BF825B-5021-4C35-800E-2CB0C907D1AB}.Debug|Any CPU.Build.0 = Debug|Any CPU
		{A6BF825B-5021-4C35-800E-2CB0C907D1AB}.Release|Any CPU.ActiveCfg = Release|Any CPU
		{A6BF825B-5021-4C35-800E-2CB0C907D1AB}.Release|Any CPU.Build.0 = Release|Any CPU
	EndGlobalSection
	GlobalSection(SolutionProperties) = preSolution
		HideSolutionNode = FALSE
	EndGlobalSection
	GlobalSection(ExtensibilityGlobals) = postSolution
		SolutionGuid = {A51A59AC-8188-44A6-AB14-621EE8DA60C0}
	EndGlobalSection
EndGlobal
